
Microsoft Visual Studio Solution File, Format Version 12.00
# Visual Studio Version 16
VisualStudioVersion = 16.0.29411.108
MinimumVisualStudioVersion = 10.0.40219.1
Project("{FAE04EC0-301F-11D3-BF4B-00C04F79EFBC}") = "WebApplication1", "WebApplication1\WebApplication1.csproj", "{288ED62C-921D-4488-93D3-23FF04A7AA85}"
EndProject
Global
	GlobalSection(SolutionConfigurationPlatforms) = preSolution
		Debug|Any CPU = Debug|Any CPU
		Release|Any CPU = Release|Any CPU
	EndGlobalSection
	GlobalSection(ProjectConfigurationPlatforms) = postSolution
		{288ED62C-921D-4488-93D3-23FF04A7AA85}.Debug|Any CPU.ActiveCfg = Debug|Any CPU
		{288ED62C-921D-4488-93D3-23FF04A7AA85}.Debug|Any CPU.Build.0 = Debug|Any CPU
		{288ED62C-921D-4488-93D3-23FF04A7AA85}.Release|Any CPU.ActiveCfg = Release|Any CPU
		{288ED62C-921D-4488-93D3-23FF04A7AA85}.Release|Any CPU.Build.0 = Release|Any CPU
	EndGlobalSection
	GlobalSection(SolutionProperties) = preSolution
		HideSolutionNode = FALSE
	EndGlobalSection
	GlobalSection(ExtensibilityGlobals) = postSolution
		SolutionGuid = {CFB7D201-4384-4ABD-B937-E995F576114F}
	EndGlobalSection
EndGlobal
